
Microsoft Visual Studio Solution File, Format Version 12.00
# Visual Studio Version 16
VisualStudioVersion = 16.0.30711.63
MinimumVisualStudioVersion = 10.0.40219.1
Project("{FAE04EC0-301F-11D3-BF4B-00C04F79EFBC}") = "CISample", "CISample\CISample.csproj", "{07432DC7-5421-4CBD-8040-6E15BEA6381E}"
EndProject
Project("{FAE04EC0-301F-11D3-BF4B-00C04F79EFBC}") = "CISampleTests", "CISampleTests\CISampleTests.csproj", "{060AE0BA-19D2-4EF2-868A-2CD9323C85F4}"
EndProject
Global
	GlobalSection(SolutionConfigurationPlatforms) = preSolution
		Debug|Any CPU = Debug|Any CPU
		Release|Any CPU = Release|Any CPU
	EndGlobalSection
	GlobalSection(ProjectConfigurationPlatforms) = postSolution
		{07432DC7-5421-4CBD-8040-6E15BEA6381E}.Debug|Any CPU.ActiveCfg = Debug|Any CPU
		{07432DC7-5421-4CBD-8040-6E15BEA6381E}.Debug|Any CPU.Build.0 = Debug|Any CPU
		{07432DC7-5421-4CBD-8040-6E15BEA6381E}.Release|Any CPU.ActiveCfg = Release|Any CPU
		{07432DC7-5421-4CBD-8040-6E15BEA6381E}.Release|Any CPU.Build.0 = Release|Any CPU
		{060AE0BA-19D2-4EF2-868A-2CD9323C85F4}.Debug|Any CPU.ActiveCfg = Debug|Any CPU
		{060AE0BA-19D2-4EF2-868A-2CD9323C85F4}.Debug|Any CPU.Build.0 = Debug|Any CPU
		{060AE0BA-19D2-4EF2-868A-2CD9323C85F4}.Release|Any CPU.ActiveCfg = Release|Any CPU
		{060AE0BA-19D2-4EF2-868A-2CD9323C85F4}.Release|Any CPU.Build.0 = Release|Any CPU
	EndGlobalSection
	GlobalSection(SolutionProperties) = preSolution
		HideSolutionNode = FALSE
	EndGlobalSection
	GlobalSection(ExtensibilityGlobals) = postSolution
		SolutionGuid = {6E2AE2F4-0109-43A3-9613-ECB525BD0D8F}
	EndGlobalSection
EndGlobal
